Microsoft Visual Studio Solution File, Format Version 11.00
# Visual Studio 2008

Project("{27C73388-D0F2-83FB-F97B-C2991B688B6D}") = "KurpitsaPoika", "Assembly-CSharp.csproj", "{3828C1D7-68C9-201C-40DD-3F55847815E7}"
EndProject
Global
	GlobalSection(SolutionConfigurationPlatforms) = preSolution
		Debug|Any CPU = Debug|Any CPU
		Release|Any CPU = Release|Any CPU
	EndGlobalSection
	GlobalSection(ProjectConfigurationPlatforms) = postSolution
		{3828C1D7-68C9-201C-40DD-3F55847815E7}.Debug|Any CPU.ActiveCfg = Debug|Any CPU
		{3828C1D7-68C9-201C-40DD-3F55847815E7}.Debug|Any CPU.Build.0 = Debug|Any CPU
		{3828C1D7-68C9-201C-40DD-3F55847815E7}.Release|Any CPU.ActiveCfg = Release|Any CPU
		{3828C1D7-68C9-201C-40DD-3F55847815E7}.Release|Any CPU.Build.0 = Release|Any CPU
	EndGlobalSection
	GlobalSection(SolutionProperties) = preSolution
		HideSolutionNode = FALSE
	EndGlobalSection
	GlobalSection(MonoDevelopProperties) = preSolution
		StartupItem = Assembly-CSharp.csproj
	EndGlobalSection
EndGlobal
